
Microsoft Visual Studio Solution File, Format Version 12.00
# Visual Studio Version 17
VisualStudioVersion = 17.4.33213.308
MinimumVisualStudioVersion = 10.0.40219.1
Project("{FAE04EC0-301F-11D3-BF4B-00C04F79EFBC}") = "MontyHallSimulation", "MontyHallSimulation\MontyHallSimulation.csproj", "{48D81E6D-533A-477C-BA43-B7B3E7F133FC}"
EndProject
Global
	GlobalSection(SolutionConfigurationPlatforms) = preSolution
		Debug|Any CPU = Debug|Any CPU
		Release|Any CPU = Release|Any CPU
	EndGlobalSection
	GlobalSection(ProjectConfigurationPlatforms) = postSolution
		{48D81E6D-533A-477C-BA43-B7B3E7F133FC}.Debug|Any CPU.ActiveCfg = Debug|Any CPU
		{48D81E6D-533A-477C-BA43-B7B3E7F133FC}.Debug|Any CPU.Build.0 = Debug|Any CPU
		{48D81E6D-533A-477C-BA43-B7B3E7F133FC}.Release|Any CPU.ActiveCfg = Release|Any CPU
		{48D81E6D-533A-477C-BA43-B7B3E7F133FC}.Release|Any CPU.Build.0 = Release|Any CPU
	EndGlobalSection
	GlobalSection(SolutionProperties) = preSolution
		HideSolutionNode = FALSE
	EndGlobalSection
	GlobalSection(ExtensibilityGlobals) = postSolution
		SolutionGuid = {FEC2001F-867D-410C-8D8E-D0DBC98E09A2}
	EndGlobalSection
EndGlobal
